
Microsoft Visual Studio Solution File, Format Version 12.00
# Visual Studio Version 17
VisualStudioVersion = 17.11.35327.3
MinimumVisualStudioVersion = 10.0.40219.1
Project("{9A19103F-16F7-4668-BE54-9A1E7A4F7556}") = "Crimson.BlazorMAUI.CameraCore", "Crimson.BlazorMAUI.CameraCore\Crimson.BlazorMAUI.CameraCore.csproj", "{D29053F7-5AB6-463B-8CF6-EF732485F35F}"
EndProject
Project("{2150E333-8FDC-42A3-9474-1A3956D46DE8}") = "Solution Items", "Solution Items", "{E6C5E438-379E-48D5-A888-76102204CADF}"
	ProjectSection(SolutionItems) = preProject
		.gitignore = .gitignore
		LICENSE = LICENSE
		README.md = README.md
	EndProjectSection
EndProject
Global
	GlobalSection(SolutionConfigurationPlatforms) = preSolution
		Debug|Any CPU = Debug|Any CPU
		Release|Any CPU = Release|Any CPU
	EndGlobalSection
	GlobalSection(ProjectConfigurationPlatforms) = postSolution
		{D29053F7-5AB6-463B-8CF6-EF732485F35F}.Debug|Any CPU.ActiveCfg = Debug|Any CPU
		{D29053F7-5AB6-463B-8CF6-EF732485F35F}.Debug|Any CPU.Build.0 = Debug|Any CPU
		{D29053F7-5AB6-463B-8CF6-EF732485F35F}.Release|Any CPU.ActiveCfg = Release|Any CPU
		{D29053F7-5AB6-463B-8CF6-EF732485F35F}.Release|Any CPU.Build.0 = Release|Any CPU
	EndGlobalSection
	GlobalSection(SolutionProperties) = preSolution
		HideSolutionNode = FALSE
	EndGlobalSection
	GlobalSection(ExtensibilityGlobals) = postSolution
		SolutionGuid = {11EE7FD4-6F8A-4826-8A21-5AB1FA1DCBFE}
	EndGlobalSection
EndGlobal
